
Microsoft Visual Studio Solution File, Format Version 12.00
# Visual Studio 15
VisualStudioVersion = 15.0.28307.168
MinimumVisualStudioVersion = 10.0.40219.1
Project("{9A19103F-16F7-4668-BE54-9A1E7A4F7556}") = "Core", "Core\Core.csproj", "{B0D1E26C-4353-4CD7-BBC0-A2B31897AD67}"
EndProject
Project("{FAE04EC0-301F-11D3-BF4B-00C04F79EFBC}") = "Server", "Server\Server.csproj", "{75A82059-C3D8-4BCE-89B9-9E4A95E76CE9}"
EndProject
Project("{FAE04EC0-301F-11D3-BF4B-00C04F79EFBC}") = "Client", "Client\Client.csproj", "{77F6F876-4C86-4D61-A377-D19BD3193FC5}"
EndProject
Global
	GlobalSection(SolutionConfigurationPlatforms) = preSolution
		Debug|Any CPU = Debug|Any CPU
		Release|Any CPU = Release|Any CPU
	EndGlobalSection
	GlobalSection(ProjectConfigurationPlatforms) = postSolution
		{B0D1E26C-4353-4CD7-BBC0-A2B31897AD67}.Debug|Any CPU.ActiveCfg = Debug|Any CPU
		{B0D1E26C-4353-4CD7-BBC0-A2B31897AD67}.Debug|Any CPU.Build.0 = Debug|Any CPU
		{B0D1E26C-4353-4CD7-BBC0-A2B31897AD67}.Release|Any CPU.ActiveCfg = Release|Any CPU
		{B0D1E26C-4353-4CD7-BBC0-A2B31897AD67}.Release|Any CPU.Build.0 = Release|Any CPU
		{75A82059-C3D8-4BCE-89B9-9E4A95E76CE9}.Debug|Any CPU.ActiveCfg = Debug|Any CPU
		{75A82059-C3D8-4BCE-89B9-9E4A95E76CE9}.Debug|Any CPU.Build.0 = Debug|Any CPU
		{75A82059-C3D8-4BCE-89B9-9E4A95E76CE9}.Release|Any CPU.ActiveCfg = Release|Any CPU
		{75A82059-C3D8-4BCE-89B9-9E4A95E76CE9}.Release|Any CPU.Build.0 = Release|Any CPU
		{77F6F876-4C86-4D61-A377-D19BD3193FC5}.Debug|Any CPU.ActiveCfg = Debug|Any CPU
		{77F6F876-4C86-4D61-A377-D19BD3193FC5}.Debug|Any CPU.Build.0 = Debug|Any CPU
		{77F6F876-4C86-4D61-A377-D19BD3193FC5}.Release|Any CPU.ActiveCfg = Release|Any CPU
		{77F6F876-4C86-4D61-A377-D19BD3193FC5}.Release|Any CPU.Build.0 = Release|Any CPU
	EndGlobalSection
	GlobalSection(SolutionProperties) = preSolution
		HideSolutionNode = FALSE
	EndGlobalSection
	GlobalSection(ExtensibilityGlobals) = postSolution
		SolutionGuid = {98E1C215-B435-49D0-A60A-2644457FCAB5}
	EndGlobalSection
EndGlobal
